
Microsoft Visual Studio Solution File, Format Version 12.00
# Visual Studio 15
VisualStudioVersion = 15.0.26228.4
MinimumVisualStudioVersion = 10.0.40219.1
Project("{FAE04EC0-301F-11D3-BF4B-00C04F79EFBC}") = "CSChatBot", "CSChatBot\CSChatBot.csproj", "{5C0AE7A1-BE52-4EAF-B658-053A4648C39C}"
EndProject
Project("{FAE04EC0-301F-11D3-BF4B-00C04F79EFBC}") = "DB", "DB\DB.csproj", "{C266BBAC-788E-4012-87F4-7B8302AF14CB}"
EndProject
Project("{FAE04EC0-301F-11D3-BF4B-00C04F79EFBC}") = "Logger", "Logger\Logger.csproj", "{5B72E456-42BC-4834-BB15-65BBE0B76101}"
EndProject
Project("{FAE04EC0-301F-11D3-BF4B-00C04F79EFBC}") = "ModuleFramework", "ModuleFramework\ModuleFramework.csproj", "{936A8668-DF10-4ADD-8790-4E7C46EA81D5}"
EndProject
Project("{FAE04EC0-301F-11D3-BF4B-00C04F79EFBC}") = "WeatherModule", "WeatherModule\WeatherModule.csproj", "{D5779AAB-E99A-4101-9E29-AAB0007EB2A1}"
EndProject
Project("{FAE04EC0-301F-11D3-BF4B-00C04F79EFBC}") = "ModuleTemplate", "ModuleTemplate\ModuleTemplate.csproj", "{908C9B7F-5C1D-4EA4-8E31-25A53AFFDA5C}"
EndProject
Project("{FAE04EC0-301F-11D3-BF4B-00C04F79EFBC}") = "Cleverbot", "Cleverbot\Cleverbot.csproj", "{B12C7B0E-B9BF-4D37-B450-E276978029CC}"
EndProject
Project("{FAE04EC0-301F-11D3-BF4B-00C04F79EFBC}") = "XKCD", "XKCD\XKCD.csproj", "{873DB4C0-0DBE-406E-88D2-77A5C606DD30}"
EndProject
Project("{FAE04EC0-301F-11D3-BF4B-00C04F79EFBC}") = "Misc", "Misc\Misc.csproj", "{A43E32B9-2C06-46E9-BA30-394C0EF0421D}"
EndProject
Project("{FAE04EC0-301F-11D3-BF4B-00C04F79EFBC}") = "Steam", "Steam\Steam.csproj", "{D665F11B-608C-4903-9D5E-F8BC6100FD4E}"
EndProject
Global
	GlobalSection(SolutionConfigurationPlatforms) = preSolution
		Debug|Any CPU = Debug|Any CPU
		Release|Any CPU = Release|Any CPU
	EndGlobalSection
	GlobalSection(ProjectConfigurationPlatforms) = postSolution
		{5C0AE7A1-BE52-4EAF-B658-053A4648C39C}.Debug|Any CPU.ActiveCfg = Debug|Any CPU
		{5C0AE7A1-BE52-4EAF-B658-053A4648C39C}.Debug|Any CPU.Build.0 = Debug|Any CPU
		{5C0AE7A1-BE52-4EAF-B658-053A4648C39C}.Release|Any CPU.ActiveCfg = Release|Any CPU
		{5C0AE7A1-BE52-4EAF-B658-053A4648C39C}.Release|Any CPU.Build.0 = Release|Any CPU
		{C266BBAC-788E-4012-87F4-7B8302AF14CB}.Debug|Any CPU.ActiveCfg = Debug|Any CPU
		{C266BBAC-788E-4012-87F4-7B8302AF14CB}.Debug|Any CPU.Build.0 = Debug|Any CPU
		{C266BBAC-788E-4012-87F4-7B8302AF14CB}.Release|Any CPU.ActiveCfg = Release|Any CPU
		{C266BBAC-788E-4012-87F4-7B8302AF14CB}.Release|Any CPU.Build.0 = Release|Any CPU
		{5B72E456-42BC-4834-BB15-65BBE0B76101}.Debug|Any CPU.ActiveCfg = Debug|Any CPU
		{5B72E456-42BC-4834-BB15-65BBE0B76101}.Debug|Any CPU.Build.0 = Debug|Any CPU
		{5B72E456-42BC-4834-BB15-65BBE0B76101}.Release|Any CPU.ActiveCfg = Release|Any CPU
		{5B72E456-42BC-4834-BB15-65BBE0B76101}.Release|Any CPU.Build.0 = Release|Any CPU
		{936A8668-DF10-4ADD-8790-4E7C46EA81D5}.Debug|Any CPU.ActiveCfg = Debug|Any CPU
		{936A8668-DF10-4ADD-8790-4E7C46EA81D5}.Debug|Any CPU.Build.0 = Debug|Any CPU
		{936A8668-DF10-4ADD-8790-4E7C46EA81D5}.Release|Any CPU.ActiveCfg = Release|Any CPU
		{936A8668-DF10-4ADD-8790-4E7C46EA81D5}.Release|Any CPU.Build.0 = Release|Any CPU
		{D5779AAB-E99A-4101-9E29-AAB0007EB2A1}.Debug|Any CPU.ActiveCfg = Debug|Any CPU
		{D5779AAB-E99A-4101-9E29-AAB0007EB2A1}.Debug|Any CPU.Build.0 = Debug|Any CPU
		{D5779AAB-E99A-4101-9E29-AAB0007EB2A1}.Release|Any CPU.ActiveCfg = Release|Any CPU
		{D5779AAB-E99A-4101-9E29-AAB0007EB2A1}.Release|Any CPU.Build.0 = Release|Any CPU
		{908C9B7F-5C1D-4EA4-8E31-25A53AFFDA5C}.Debug|Any CPU.ActiveCfg = Debug|Any CPU
		{908C9B7F-5C1D-4EA4-8E31-25A53AFFDA5C}.Debug|Any CPU.Build.0 = Debug|Any CPU
		{908C9B7F-5C1D-4EA4-8E31-25A53AFFDA5C}.Release|Any CPU.ActiveCfg = Release|Any CPU
		{908C9B7F-5C1D-4EA4-8E31-25A53AFFDA5C}.Release|Any CPU.Build.0 = Release|Any CPU
		{B12C7B0E-B9BF-4D37-B450-E276978029CC}.Debug|Any CPU.ActiveCfg = Debug|Any CPU
		{B12C7B0E-B9BF-4D37-B450-E276978029CC}.Debug|Any CPU.Build.0 = Debug|Any CPU
		{B12C7B0E-B9BF-4D37-B450-E276978029CC}.Release|Any CPU.ActiveCfg = Release|Any CPU
		{B12C7B0E-B9BF-4D37-B450-E276978029CC}.Release|Any CPU.Build.0 = Release|Any CPU
		{873DB4C0-0DBE-406E-88D2-77A5C606DD30}.Debug|Any CPU.ActiveCfg = Debug|Any CPU
		{873DB4C0-0DBE-406E-88D2-77A5C606DD30}.Debug|Any CPU.Build.0 = Debug|Any CPU
		{873DB4C0-0DBE-406E-88D2-77A5C606DD30}.Release|Any CPU.ActiveCfg = Release|Any CPU
		{873DB4C0-0DBE-406E-88D2-77A5C606DD30}.Release|Any CPU.Build.0 = Release|Any CPU
		{A43E32B9-2C06-46E9-BA30-394C0EF0421D}.Debug|Any CPU.ActiveCfg = Debug|Any CPU
		{A43E32B9-2C06-46E9-BA30-394C0EF0421D}.Debug|Any CPU.Build.0 = Debug|Any CPU
		{A43E32B9-2C06-46E9-BA30-394C0EF0421D}.Release|Any CPU.ActiveCfg = Release|Any CPU
		{A43E32B9-2C06-46E9-BA30-394C0EF0421D}.Release|Any CPU.Build.0 = Release|Any CPU
		{D665F11B-608C-4903-9D5E-F8BC6100FD4E}.Debug|Any CPU.ActiveCfg = Debug|Any CPU
		{D665F11B-608C-4903-9D5E-F8BC6100FD4E}.Debug|Any CPU.Build.0 = Debug|Any CPU
		{D665F11B-608C-4903-9D5E-F8BC6100FD4E}.Release|Any CPU.ActiveCfg = Release|Any CPU
		{D665F11B-608C-4903-9D5E-F8BC6100FD4E}.Release|Any CPU.Build.0 = Release|Any CPU
	EndGlobalSection
	GlobalSection(SolutionProperties) = preSolution
		HideSolutionNode = FALSE
	EndGlobalSection
EndGlobal
